
Microsoft Visual Studio Solution File, Format Version 12.00
Project("{2150E333-8FDC-42A3-9474-1A3956D46DE8}") = "src", "src", "{F10799D8-26FA-4358-A70C-D565F97DA10C}"
EndProject
Project("{2150E333-8FDC-42A3-9474-1A3956D46DE8}") = "examples", "examples", "{A0B047F9-6E42-4480-A936-8192227B31B1}"
EndProject
Project("{2150E333-8FDC-42A3-9474-1A3956D46DE8}") = "tests", "tests", "{50CF73CA-D3DE-4C4C-ADE6-11106BFD2053}"
EndProject
Project("{FAE04EC0-301F-11D3-BF4B-00C04F79EFBC}") = "AppConstant", "src\AppConstant\AppConstant.csproj", "{6379BA79-5446-451D-8699-2ADFD5754CE3}"
EndProject
Project("{FAE04EC0-301F-11D3-BF4B-00C04F79EFBC}") = "AppConstant.EntityFrameworkCore", "src\AppConstant.EntityFrameworkCore\AppConstant.EntityFrameworkCore.csproj", "{283B6CC1-EDA2-4897-8596-77C3CFD12D1F}"
EndProject
Project("{FAE04EC0-301F-11D3-BF4B-00C04F79EFBC}") = "AppConstant.Demo", "examples\AppConstant.Demo\AppConstant.Demo.csproj", "{8E8AFC28-CE6A-434C-947A-EE84D5AEC16B}"
EndProject
Project("{FAE04EC0-301F-11D3-BF4B-00C04F79EFBC}") = "AppConstant.Json", "src\AppConstant.Json\AppConstant.Json.csproj", "{C6B37E58-5750-44AF-B692-5CD4E141410A}"
EndProject
Project("{FAE04EC0-301F-11D3-BF4B-00C04F79EFBC}") = "AppConstant.Examples", "examples\AppConstant.Examples\AppConstant.Examples.csproj", "{3BCEB57B-E76C-4AAC-B27A-97192435B362}"
EndProject
Global
	GlobalSection(SolutionConfigurationPlatforms) = preSolution
		Debug|Any CPU = Debug|Any CPU
		Release|Any CPU = Release|Any CPU
	EndGlobalSection
	GlobalSection(ProjectConfigurationPlatforms) = postSolution
		{6379BA79-5446-451D-8699-2ADFD5754CE3}.Debug|Any CPU.ActiveCfg = Debug|Any CPU
		{6379BA79-5446-451D-8699-2ADFD5754CE3}.Debug|Any CPU.Build.0 = Debug|Any CPU
		{6379BA79-5446-451D-8699-2ADFD5754CE3}.Release|Any CPU.ActiveCfg = Release|Any CPU
		{6379BA79-5446-451D-8699-2ADFD5754CE3}.Release|Any CPU.Build.0 = Release|Any CPU
		{283B6CC1-EDA2-4897-8596-77C3CFD12D1F}.Debug|Any CPU.ActiveCfg = Debug|Any CPU
		{283B6CC1-EDA2-4897-8596-77C3CFD12D1F}.Debug|Any CPU.Build.0 = Debug|Any CPU
		{283B6CC1-EDA2-4897-8596-77C3CFD12D1F}.Release|Any CPU.ActiveCfg = Release|Any CPU
		{283B6CC1-EDA2-4897-8596-77C3CFD12D1F}.Release|Any CPU.Build.0 = Release|Any CPU
		{8E8AFC28-CE6A-434C-947A-EE84D5AEC16B}.Debug|Any CPU.ActiveCfg = Debug|Any CPU
		{8E8AFC28-CE6A-434C-947A-EE84D5AEC16B}.Debug|Any CPU.Build.0 = Debug|Any CPU
		{8E8AFC28-CE6A-434C-947A-EE84D5AEC16B}.Release|Any CPU.ActiveCfg = Release|Any CPU
		{8E8AFC28-CE6A-434C-947A-EE84D5AEC16B}.Release|Any CPU.Build.0 = Release|Any CPU
		{C6B37E58-5750-44AF-B692-5CD4E141410A}.Debug|Any CPU.ActiveCfg = Debug|Any CPU
		{C6B37E58-5750-44AF-B692-5CD4E141410A}.Debug|Any CPU.Build.0 = Debug|Any CPU
		{C6B37E58-5750-44AF-B692-5CD4E141410A}.Release|Any CPU.ActiveCfg = Release|Any CPU
		{C6B37E58-5750-44AF-B692-5CD4E141410A}.Release|Any CPU.Build.0 = Release|Any CPU
		{3BCEB57B-E76C-4AAC-B27A-97192435B362}.Debug|Any CPU.ActiveCfg = Debug|Any CPU
		{3BCEB57B-E76C-4AAC-B27A-97192435B362}.Debug|Any CPU.Build.0 = Debug|Any CPU
		{3BCEB57B-E76C-4AAC-B27A-97192435B362}.Release|Any CPU.ActiveCfg = Release|Any CPU
		{3BCEB57B-E76C-4AAC-B27A-97192435B362}.Release|Any CPU.Build.0 = Release|Any CPU
	EndGlobalSection
	GlobalSection(NestedProjects) = preSolution
		{6379BA79-5446-451D-8699-2ADFD5754CE3} = {F10799D8-26FA-4358-A70C-D565F97DA10C}
		{283B6CC1-EDA2-4897-8596-77C3CFD12D1F} = {F10799D8-26FA-4358-A70C-D565F97DA10C}
		{8E8AFC28-CE6A-434C-947A-EE84D5AEC16B} = {A0B047F9-6E42-4480-A936-8192227B31B1}
		{C6B37E58-5750-44AF-B692-5CD4E141410A} = {F10799D8-26FA-4358-A70C-D565F97DA10C}
		{3BCEB57B-E76C-4AAC-B27A-97192435B362} = {A0B047F9-6E42-4480-A936-8192227B31B1}
	EndGlobalSection
EndGlobal
